
Microsoft Visual Studio Solution File, Format Version 12.00
# Visual Studio Version 16
VisualStudioVersion = 16.0.30621.155
MinimumVisualStudioVersion = 10.0.40219.1
Project("{FAE04EC0-301F-11D3-BF4B-00C04F79EFBC}") = "borealisMVC", "borealisMVC\borealisMVC.csproj", "{610B2328-7586-4AD7-9B4B-03C815A55717}"
EndProject
Global
	GlobalSection(SolutionConfigurationPlatforms) = preSolution
		Debug|Any CPU = Debug|Any CPU
		Release|Any CPU = Release|Any CPU
	EndGlobalSection
	GlobalSection(ProjectConfigurationPlatforms) = postSolution
		{610B2328-7586-4AD7-9B4B-03C815A55717}.Debug|Any CPU.ActiveCfg = Debug|Any CPU
		{610B2328-7586-4AD7-9B4B-03C815A55717}.Debug|Any CPU.Build.0 = Debug|Any CPU
		{610B2328-7586-4AD7-9B4B-03C815A55717}.Release|Any CPU.ActiveCfg = Release|Any CPU
		{610B2328-7586-4AD7-9B4B-03C815A55717}.Release|Any CPU.Build.0 = Release|Any CPU
	EndGlobalSection
	GlobalSection(SolutionProperties) = preSolution
		HideSolutionNode = FALSE
	EndGlobalSection
	GlobalSection(ExtensibilityGlobals) = postSolution
		SolutionGuid = {07DEFC17-C622-491A-BCBD-84F47A2B1906}
	EndGlobalSection
EndGlobal
